{
  "name": "platform-automerge-with-renovate",
  "lockfileVersion": 3,
  "requires": true,
  "packages": {
    "": {
      "dependencies": {
        "hono": "4.13.4"
      }
    },
    "node_modules/hono": {
      "version": "4.13.4",
      "resolved": "https://registry.npmjs.org/hono/-/hono-4.13.4.tgz",
      "integrity": "sha512-AGEwKIyRMHRv1t8Wjwa3LHxQ61X5CqrdFT+4BRNTpqS5aJNnpl5WLjADb7vFlJzI/8uK7T5QLVApCMQKNa3LgQ==",
      "license": "MIT",
      "engines": {
        "node": ">=16.9.0"
      }
    }
  }
}
