{
  "name": "platform-automerge-with-renovate",
  "lockfileVersion": 3,
  "requires": true,
  "packages": {
    "": {
      "dependencies": {
        "hono": "4.9.2"
      }
    },
    "node_modules/hono": {
      "version": "4.9.2",
      "resolved": "https://registry.npmjs.org/hono/-/hono-4.9.2.tgz",
      "integrity": "sha512-UG2jXGS/gkLH42l/1uROnwXpkjvvxkl3kpopL3LBo27NuaDPI6xHNfuUSilIHcrBkPfl4y0z6y2ByI455TjNRw==",
      "license": "MIT",
      "engines": {
        "node": ">=16.9.0"
      }
    }
  }
}
